
Microsoft Visual Studio Solution File, Format Version 12.00
# Visual Studio Version 16
VisualStudioVersion = 16.0.29009.5
MinimumVisualStudioVersion = 10.0.40219.1
Project("{FAE04EC0-301F-11D3-BF4B-00C04F79EFBC}") = "List-T-Foreach", "List-T-Foreach\List-T-Foreach.csproj", "{4DD7D210-AA0A-442A-BE0E-0A996ACBA6D4}"
EndProject
Global
	GlobalSection(SolutionConfigurationPlatforms) = preSolution
		Debug|Any CPU = Debug|Any CPU
		Release|Any CPU = Release|Any CPU
	EndGlobalSection
	GlobalSection(ProjectConfigurationPlatforms) = postSolution
		{4DD7D210-AA0A-442A-BE0E-0A996ACBA6D4}.Debug|Any CPU.ActiveCfg = Debug|Any CPU
		{4DD7D210-AA0A-442A-BE0E-0A996ACBA6D4}.Debug|Any CPU.Build.0 = Debug|Any CPU
		{4DD7D210-AA0A-442A-BE0E-0A996ACBA6D4}.Release|Any CPU.ActiveCfg = Release|Any CPU
		{4DD7D210-AA0A-442A-BE0E-0A996ACBA6D4}.Release|Any CPU.Build.0 = Release|Any CPU
	EndGlobalSection
	GlobalSection(SolutionProperties) = preSolution
		HideSolutionNode = FALSE
	EndGlobalSection
	GlobalSection(ExtensibilityGlobals) = postSolution
		SolutionGuid = {8DD89788-FBEA-40DC-9A80-9AB1BBDA3F5C}
	EndGlobalSection
EndGlobal
